
Microsoft Visual Studio Solution File, Format Version 12.00
# Visual Studio Version 17
VisualStudioVersion = 17.0.32014.148
MinimumVisualStudioVersion = 10.0.40219.1
Project("{9A19103F-16F7-4668-BE54-9A1E7A4F7556}") = "AngularRepo", "AngularRepo\AngularRepo.csproj", "{A56E4966-AD71-4DCB-9BD1-8BBF0A294C4C}"
EndProject
Project("{2150E333-8FDC-42A3-9474-1A3956D46DE8}") = "Solution Items", "Solution Items", "{14BF25EE-D7A3-4046-8C8C-27192A725F78}"
	ProjectSection(SolutionItems) = preProject
		.editorconfig = .editorconfig
	EndProjectSection
EndProject
Project("{FAE04EC0-301F-11D3-BF4B-00C04F79EFBC}") = "UnitTests", "UnitTests\UnitTests.csproj", "{922C585E-9BCD-4FF9-AA79-716DA195C993}"
EndProject
Global
	GlobalSection(SolutionConfigurationPlatforms) = preSolution
		Debug|Any CPU = Debug|Any CPU
		Release|Any CPU = Release|Any CPU
	EndGlobalSection
	GlobalSection(ProjectConfigurationPlatforms) = postSolution
		{A56E4966-AD71-4DCB-9BD1-8BBF0A294C4C}.Debug|Any CPU.ActiveCfg = Debug|Any CPU
		{A56E4966-AD71-4DCB-9BD1-8BBF0A294C4C}.Debug|Any CPU.Build.0 = Debug|Any CPU
		{A56E4966-AD71-4DCB-9BD1-8BBF0A294C4C}.Release|Any CPU.ActiveCfg = Release|Any CPU
		{A56E4966-AD71-4DCB-9BD1-8BBF0A294C4C}.Release|Any CPU.Build.0 = Release|Any CPU
		{922C585E-9BCD-4FF9-AA79-716DA195C993}.Debug|Any CPU.ActiveCfg = Debug|Any CPU
		{922C585E-9BCD-4FF9-AA79-716DA195C993}.Debug|Any CPU.Build.0 = Debug|Any CPU
		{922C585E-9BCD-4FF9-AA79-716DA195C993}.Release|Any CPU.ActiveCfg = Release|Any CPU
		{922C585E-9BCD-4FF9-AA79-716DA195C993}.Release|Any CPU.Build.0 = Release|Any CPU
	EndGlobalSection
	GlobalSection(SolutionProperties) = preSolution
		HideSolutionNode = FALSE
	EndGlobalSection
	GlobalSection(ExtensibilityGlobals) = postSolution
		SolutionGuid = {06A8ADE7-FFCF-41DA-B451-77EDE0B6BF6C}
	EndGlobalSection
EndGlobal
